<?xml version="1.0" encoding="utf-8"?>
<Project ToolsVersion="4.0" xmlns="http://schemas.microsoft.com/developer/msbuild/2003">
  <ItemGroup>
    <Filter Include="Source Files">
      <UniqueIdentifier>{4FC737F1-C7A5-4376-A066-2A32D752A2FF}</UniqueIdentifier>
      <Extensions>cpp;c;cc;cxx;def;odl;idl;hpj;bat;asm;asmx</Extensions>
    </Filter>
    <Filter Include="Header Files">
      <UniqueIdentifier>{93995380-89BD-4b04-88EB-625FBE52EBFB}</UniqueIdentifier>
      <Extensions>h;hpp;hxx;hm;inl;inc;xsd</Extensions>
    </Filter>
    <Filter Include="Resource Files">
      <UniqueIdentifier>{67DA6AB6-F800-4c08-8B7A-83BB121AAD01}</UniqueIdentifier>
      <Extensions>rc;ico;cur;bmp;dlg;rc2;rct;bin;rgs;gif;jpg;jpeg;jpe;resx;tiff;tif;png;wav;mfcribbon-ms</Extensions>
    </Filter>
    <Filter Include="Source Files\formats">
      <UniqueIdentifier>{0515174f-ead6-4c34-bc6d-28caa6328b14}</UniqueIdentifier>
    </Filter>
    <Filter Include="Header Files\formats">
      <UniqueIdentifier>{052bcb98-874f-4e68-814e-4db31fa3f8e7}</UniqueIdentifier>
    </Filter>
    <Filter Include="Source Files\lib">
      <UniqueIdentifier>{c4770949-c1fa-4c7f-9e50-07450b5093df}</UniqueIdentifier>
    </Filter>
    <Filter Include="Source Files\lib\LZMA">
      <UniqueIdentifier>{4d3051da-2db0-41bc-92d9-2f4af769f9a4}</UniqueIdentifier>
    </Filter>
    <Filter Include="Source Files\lib\mozjpeg">
      <UniqueIdentifier>{29e470fe-f7bd-40f4-baa8-31effed6a3f9}</UniqueIdentifier>
    </Filter>
    <Filter Include="Source Files\lib\zopfli">
      <UniqueIdentifier>{fd445d3c-46b8-4e6e-9873-22d5ad8f9d09}</UniqueIdentifier>
    </Filter>
    <Filter Include="Source Files\lib\zopflipng">
      <UniqueIdentifier>{f1b9091a-b86f-4412-9cbe-9fd2c017db97}</UniqueIdentifier>
    </Filter>
    <Filter Include="Source Files\lib\zopflipng\lodepng">
      <UniqueIdentifier>{d8af6712-5337-48d5-ad50-b247491708e5}</UniqueIdentifier>
    </Filter>
  </ItemGroup>
  <ItemGroup>
    <ClCompile Include="formats\bmp.cpp">
      <Filter>Source Files\formats</Filter>
    </ClCompile>
    <ClCompile Include="formats\gft.cpp">
      <Filter>Source Files\formats</Filter>
    </ClCompile>
    <ClCompile Include="formats\jpeg.cpp">
      <Filter>Source Files\formats</Filter>
    </ClCompile>
    <ClCompile Include="formats\lua.cpp">
      <Filter>Source Files\formats</Filter>
    </ClCompile>
    <ClCompile Include="formats\png.cpp">
      <Filter>Source Files\formats</Filter>
    </ClCompile>
    <ClCompile Include="formats\rdb.cpp">
      <Filter>Source Files\formats</Filter>
    </ClCompile>
    <ClCompile Include="formats\xml.cpp">
      <Filter>Source Files\formats</Filter>
    </ClCompile>
    <ClCompile Include="formats\zip.cpp">
      <Filter>Source Files\formats</Filter>
    </ClCompile>
    <ClCompile Include="main.cpp">
      <Filter>Source Files</Filter>
    </ClCompile>
    <ClCompile Include="lib\zopflipng\zopflipng_lib.cc">
      <Filter>Source Files\lib\zopflipng</Filter>
    </ClCompile>
    <ClCompile Include="lib\zopflipng\lodepng\lodepng.cpp">
      <Filter>Source Files\lib\zopflipng\lodepng</Filter>
    </ClCompile>
    <ClCompile Include="lib\zopflipng\lodepng\lodepng_util.cpp">
      <Filter>Source Files\lib\zopflipng\lodepng</Filter>
    </ClCompile>
    <ClCompile Include="lib\zopfli\blocksplitter.c">
      <Filter>Source Files\lib\zopfli</Filter>
    </ClCompile>
    <ClCompile Include="lib\zopfli\cache.c">
      <Filter>Source Files\lib\zopfli</Filter>
    </ClCompile>
    <ClCompile Include="lib\zopfli\deflate.c">
      <Filter>Source Files\lib\zopfli</Filter>
    </ClCompile>
    <ClCompile Include="lib\zopfli\gzip_container.c">
      <Filter>Source Files\lib\zopfli</Filter>
    </ClCompile>
    <ClCompile Include="lib\zopfli\hash.c">
      <Filter>Source Files\lib\zopfli</Filter>
    </ClCompile>
    <ClCompile Include="lib\zopfli\katajainen.c">
      <Filter>Source Files\lib\zopfli</Filter>
    </ClCompile>
    <ClCompile Include="lib\zopfli\lz77.c">
      <Filter>Source Files\lib\zopfli</Filter>
    </ClCompile>
    <ClCompile Include="lib\zopfli\squeeze.c">
      <Filter>Source Files\lib\zopfli</Filter>
    </ClCompile>
    <ClCompile Include="lib\zopfli\tree.c">
      <Filter>Source Files\lib\zopfli</Filter>
    </ClCompile>
    <ClCompile Include="lib\zopfli\util.c">
      <Filter>Source Files\lib\zopfli</Filter>
    </ClCompile>
    <ClCompile Include="lib\zopfli\zlib_container.c">
      <Filter>Source Files\lib\zopfli</Filter>
    </ClCompile>
    <ClCompile Include="lib\zopfli\zopfli_lib.c">
      <Filter>Source Files\lib\zopfli</Filter>
    </ClCompile>
    <ClCompile Include="formats\gz.cpp">
      <Filter>Source Files\formats</Filter>
    </ClCompile>
    <ClCompile Include="formats\ico.cpp">
      <Filter>Source Files\formats</Filter>
    </ClCompile>
    <ClCompile Include="leanify.cpp">
      <Filter>Source Files</Filter>
    </ClCompile>
    <ClCompile Include="lib\mozjpeg\jctrans.c">
      <Filter>Source Files\lib\mozjpeg</Filter>
    </ClCompile>
    <ClCompile Include="lib\mozjpeg\jdtrans.c">
      <Filter>Source Files\lib\mozjpeg</Filter>
    </ClCompile>
    <ClCompile Include="lib\mozjpeg\jdapimin.c">
      <Filter>Source Files\lib\mozjpeg</Filter>
    </ClCompile>
    <ClCompile Include="lib\mozjpeg\jcapimin.c">
      <Filter>Source Files\lib\mozjpeg</Filter>
    </ClCompile>
    <ClCompile Include="lib\mozjpeg\jdatadst.c">
      <Filter>Source Files\lib\mozjpeg</Filter>
    </ClCompile>
    <ClCompile Include="lib\mozjpeg\jdatasrc.c">
      <Filter>Source Files\lib\mozjpeg</Filter>
    </ClCompile>
    <ClCompile Include="lib\mozjpeg\jerror.c">
      <Filter>Source Files\lib\mozjpeg</Filter>
    </ClCompile>
    <ClCompile Include="lib\mozjpeg\jcomapi.c">
      <Filter>Source Files\lib\mozjpeg</Filter>
    </ClCompile>
    <ClCompile Include="lib\mozjpeg\jutils.c">
      <Filter>Source Files\lib\mozjpeg</Filter>
    </ClCompile>
    <ClCompile Include="lib\mozjpeg\jcmarker.c">
      <Filter>Source Files\lib\mozjpeg</Filter>
    </ClCompile>
    <ClCompile Include="lib\mozjpeg\jmemmgr.c">
      <Filter>Source Files\lib\mozjpeg</Filter>
    </ClCompile>
    <ClCompile Include="lib\mozjpeg\jcarith.c">
      <Filter>Source Files\lib\mozjpeg</Filter>
    </ClCompile>
    <ClCompile Include="lib\mozjpeg\jaricom.c">
      <Filter>Source Files\lib\mozjpeg</Filter>
    </ClCompile>
    <ClCompile Include="lib\mozjpeg\jcmaster.c">
      <Filter>Source Files\lib\mozjpeg</Filter>
    </ClCompile>
    <ClCompile Include="lib\mozjpeg\jcparam.c">
      <Filter>Source Files\lib\mozjpeg</Filter>
    </ClCompile>
    <ClCompile Include="lib\mozjpeg\jcphuff.c">
      <Filter>Source Files\lib\mozjpeg</Filter>
    </ClCompile>
    <ClCompile Include="lib\mozjpeg\jchuff.c">
      <Filter>Source Files\lib\mozjpeg</Filter>
    </ClCompile>
    <ClCompile Include="lib\mozjpeg\jdmarker.c">
      <Filter>Source Files\lib\mozjpeg</Filter>
    </ClCompile>
    <ClCompile Include="lib\mozjpeg\jdinput.c">
      <Filter>Source Files\lib\mozjpeg</Filter>
    </ClCompile>
    <ClCompile Include="lib\mozjpeg\jdhuff.c">
      <Filter>Source Files\lib\mozjpeg</Filter>
    </ClCompile>
    <ClCompile Include="lib\mozjpeg\jdphuff.c">
      <Filter>Source Files\lib\mozjpeg</Filter>
    </ClCompile>
    <ClCompile Include="lib\mozjpeg\jdarith.c">
      <Filter>Source Files\lib\mozjpeg</Filter>
    </ClCompile>
    <ClCompile Include="lib\mozjpeg\jdcoefct.c">
      <Filter>Source Files\lib\mozjpeg</Filter>
    </ClCompile>
    <ClCompile Include="lib\mozjpeg\jsimd_none.c">
      <Filter>Source Files\lib\mozjpeg</Filter>
    </ClCompile>
    <ClCompile Include="lib\mozjpeg\jmemnobs.c">
      <Filter>Source Files\lib\mozjpeg</Filter>
    </ClCompile>
    <ClCompile Include="formats\swf.cpp">
      <Filter>Source Files\formats</Filter>
    </ClCompile>
    <ClCompile Include="lib\LZMA\Alloc.c">
      <Filter>Source Files\lib\LZMA</Filter>
    </ClCompile>
    <ClCompile Include="lib\LZMA\LzFind.c">
      <Filter>Source Files\lib\LZMA</Filter>
    </ClCompile>
    <ClCompile Include="lib\LZMA\LzmaDec.c">
      <Filter>Source Files\lib\LZMA</Filter>
    </ClCompile>
    <ClCompile Include="lib\LZMA\LzmaEnc.c">
      <Filter>Source Files\lib\LZMA</Filter>
    </ClCompile>
    <ClCompile Include="lib\LZMA\LzFindMt.c">
      <Filter>Source Files\lib\LZMA</Filter>
    </ClCompile>
    <ClCompile Include="lib\LZMA\Threads.c">
      <Filter>Source Files\lib\LZMA</Filter>
    </ClCompile>
    <ClCompile Include="formats\tar.cpp">
      <Filter>Source Files\formats</Filter>
    </ClCompile>
    <ClCompile Include="formats\pe.cpp">
      <Filter>Source Files\formats</Filter>
    </ClCompile>
    <ClCompile Include="utils.cpp">
      <Filter>Source Files</Filter>
    </ClCompile>
    <ClCompile Include="lib\mozjpeg\jcext.c">
      <Filter>Source Files\lib\mozjpeg</Filter>
    </ClCompile>
    <ClCompile Include="formats\base64.cpp">
      <Filter>Source Files\formats</Filter>
    </ClCompile>
    <ClCompile Include="formats\dwf.cpp">
      <Filter>Source Files\formats</Filter>
    </ClCompile>
    <ClCompile Include="formats\data_uri.cpp">
      <Filter>Source Files\formats</Filter>
    </ClCompile>
    <ClCompile Include="lib\pugixml\pugixml.cpp">
      <Filter>Source Files\lib</Filter>
    </ClCompile>
    <ClCompile Include="formats\vcf.cpp">
      <Filter>Source Files\formats</Filter>
    </ClCompile>
    <ClCompile Include="formats\mime.cpp">
      <Filter>Source Files\formats</Filter>
    </ClCompile>
    <ClCompile Include="fileio_win.cpp">
      <Filter>Source Files</Filter>
    </ClCompile>
  </ItemGroup>
  <ItemGroup>
    <ClInclude Include="fileio.h">
      <Filter>Header Files</Filter>
    </ClInclude>
    <ClInclude Include="main.h">
      <Filter>Header Files</Filter>
    </ClInclude>
    <ClInclude Include="formats\bmp.h">
      <Filter>Header Files\formats</Filter>
    </ClInclude>
    <ClInclude Include="formats\format.h">
      <Filter>Header Files\formats</Filter>
    </ClInclude>
    <ClInclude Include="formats\gft.h">
      <Filter>Header Files\formats</Filter>
    </ClInclude>
    <ClInclude Include="formats\jpeg.h">
      <Filter>Header Files\formats</Filter>
    </ClInclude>
    <ClInclude Include="formats\png.h">
      <Filter>Header Files\formats</Filter>
    </ClInclude>
    <ClInclude Include="formats\rdb.h">
      <Filter>Header Files\formats</Filter>
    </ClInclude>
    <ClInclude Include="formats\xml.h">
      <Filter>Header Files\formats</Filter>
    </ClInclude>
    <ClInclude Include="formats\lua.h">
      <Filter>Header Files\formats</Filter>
    </ClInclude>
    <ClInclude Include="formats\gz.h">
      <Filter>Header Files\formats</Filter>
    </ClInclude>
    <ClInclude Include="formats\ico.h">
      <Filter>Header Files\formats</Filter>
    </ClInclude>
    <ClInclude Include="leanify.h">
      <Filter>Header Files</Filter>
    </ClInclude>
    <ClInclude Include="formats\zip.h">
      <Filter>Header Files\formats</Filter>
    </ClInclude>
    <ClInclude Include="formats\swf.h">
      <Filter>Header Files\formats</Filter>
    </ClInclude>
    <ClInclude Include="formats\tar.h">
      <Filter>Header Files\formats</Filter>
    </ClInclude>
    <ClInclude Include="formats\pe.h">
      <Filter>Header Files\formats</Filter>
    </ClInclude>
    <ClInclude Include="utils.h">
      <Filter>Header Files</Filter>
    </ClInclude>
    <ClInclude Include="resource.h">
      <Filter>Header Files</Filter>
    </ClInclude>
    <ClInclude Include="version.h">
      <Filter>Header Files</Filter>
    </ClInclude>
    <ClInclude Include="formats\base64.h">
      <Filter>Header Files\formats</Filter>
    </ClInclude>
    <ClInclude Include="formats\dwf.h">
      <Filter>Header Files\formats</Filter>
    </ClInclude>
    <ClInclude Include="formats\vcf.h">
      <Filter>Header Files\formats</Filter>
    </ClInclude>
    <ClInclude Include="formats\data_uri.h">
      <Filter>Header Files\formats</Filter>
    </ClInclude>
    <ClInclude Include="formats\mime.h">
      <Filter>Header Files\formats</Filter>
    </ClInclude>
  </ItemGroup>
  <ItemGroup>
    <ResourceCompile Include="Leanify.rc">
      <Filter>Resource Files</Filter>
    </ResourceCompile>
  </ItemGroup>
</Project>